{
  "name": "@xpack-dev-tools/arm-none-eabi-gcc",
  "version": "11.2.1-1.2.2",
  "lockfileVersion": 2,
  "requires": true,
  "packages": {
    "": {
      "name": "@xpack-dev-tools/arm-none-eabi-gcc",
      "version": "11.2.1-1.2.2",
      "license": "MIT",
      "devDependencies": {
        "liquidjs": "^9.25.1"
      }
    },
    "node_modules/liquidjs": {
      "version": "9.27.1",
      "resolved": "https://registry.npmjs.org/liquidjs/-/liquidjs-9.27.1.tgz",
      "integrity": "sha512-qt/X4euSl96oenJjbquST0TpgGFiNaiY+kUsrkzqoEZ6oEDgGAQ5xd7O2wpw/NErjREisR5oUBSphphn5gQcVg==",
      "dev": true,
      "bin": {
        "liquid": "bin/liquid.js",
        "liquidjs": "bin/liquid.js"
      },
      "engines": {
        "node": ">=4.8.7"
      },
      "funding": {
        "type": "opencollective",
        "url": "https://opencollective.com/liquidjs"
      }
    }
  },
  "dependencies": {
    "liquidjs": {
      "version": "9.27.1",
      "resolved": "https://registry.npmjs.org/liquidjs/-/liquidjs-9.27.1.tgz",
      "integrity": "sha512-qt/X4euSl96oenJjbquST0TpgGFiNaiY+kUsrkzqoEZ6oEDgGAQ5xd7O2wpw/NErjREisR5oUBSphphn5gQcVg==",
      "dev": true
    }
  }
}
